// !$*UTF8*$!
{
	archiveVersion = 1;
	classes = {
	};
	objectVersion = 56;
	objects = {

/* Begin PBXBuildFile section */
		9DB738942B6D4D0D00B8E4ED /* HouseApp.swift in Sources */ = {isa = PBXBuildFile; fileRef = 9DB738932B6D4D0D00B8E4ED /* HouseApp.swift */; };
		9DB738982B6D4D0F00B8E4ED /* Assets.xcassets in Resources */ = {isa = PBXBuildFile; fileRef = 9DB738972B6D4D0F00B8E4ED /* Assets.xcassets */; };
		9DB7389B2B6D4D0F00B8E4ED /* Preview Assets.xcassets in Resources */ = {isa = PBXBuildFile; fileRef = 9DB7389A2B6D4D0F00B8E4ED /* Preview Assets.xcassets */; };
		9DB738AA2B6D4E4000B8E4ED /* FormView.swift in Sources */ = {isa = PBXBuildFile; fileRef = 9DB738A92B6D4E4000B8E4ED /* FormView.swift */; };
		9DB738AC2B6D4E5A00B8E4ED /* PreferencesView.swift in Sources */ = {isa = PBXBuildFile; fileRef = 9DB738AB2B6D4E5A00B8E4ED /* PreferencesView.swift */; };
		9DB738B02B6D4E7E00B8E4ED /* FormViewModel.swift in Sources */ = {isa = PBXBuildFile; fileRef = 9DB738AF2B6D4E7E00B8E4ED /* FormViewModel.swift */; };
		9DB738B42B6D529C00B8E4ED /* Door.swift in Sources */ = {isa = PBXBuildFile; fileRef = 9DB738B32B6D529C00B8E4ED /* Door.swift */; };
		9DB738B62B6D531000B8E4ED /* AppMenuView.swift in Sources */ = {isa = PBXBuildFile; fileRef = 9DB738B52B6D531000B8E4ED /* AppMenuView.swift */; };
		9DB738B82B6D540A00B8E4ED /* AppMenuViewModel.swift in Sources */ = {isa = PBXBuildFile; fileRef = 9DB738B72B6D540A00B8E4ED /* AppMenuViewModel.swift */; };
		9DB738BB2B6D74C800B8E4ED /* DataSource.swift in Sources */ = {isa = PBXBuildFile; fileRef = 9DB738BA2B6D74C800B8E4ED /* DataSource.swift */; };
/* End PBXBuildFile section */

/* Begin PBXFileReference section */
		9DB738902B6D4D0D00B8E4ED /* House.app */ = {isa = PBXFileReference; explicitFileType = wrapper.application; includeInIndex = 0; path = House.app; sourceTree = BUILT_PRODUCTS_DIR; };
		9DB738932B6D4D0D00B8E4ED /* HouseApp.swift */ = {isa = PBXFileReference; lastKnownFileType = sourcecode.swift; path = HouseApp.swift; sourceTree = "<group>"; };
		9DB738972B6D4D0F00B8E4ED /* Assets.xcassets */ = {isa = PBXFileReference; lastKnownFileType = folder.assetcatalog; path = Assets.xcassets; sourceTree = "<group>"; };
		9DB7389A2B6D4D0F00B8E4ED /* Preview Assets.xcassets */ = {isa = PBXFileReference; lastKnownFileType = folder.assetcatalog; path = "Preview Assets.xcassets"; sourceTree = "<group>"; };
		9DB7389C2B6D4D0F00B8E4ED /* House.entitlements */ = {isa = PBXFileReference; lastKnownFileType = text.plist.entitlements; path = House.entitlements; sourceTree = "<group>"; };
		9DB738A92B6D4E4000B8E4ED /* FormView.swift */ = {isa = PBXFileReference; lastKnownFileType = sourcecode.swift; path = FormView.swift; sourceTree = "<group>"; };
		9DB738AB2B6D4E5A00B8E4ED /* PreferencesView.swift */ = {isa = PBXFileReference; lastKnownFileType = sourcecode.swift; path = PreferencesView.swift; sourceTree = "<group>"; };
		9DB738AF2B6D4E7E00B8E4ED /* FormViewModel.swift */ = {isa = PBXFileReference; lastKnownFileType = sourcecode.swift; path = FormViewModel.swift; sourceTree = "<group>"; };
		9DB738B32B6D529C00B8E4ED /* Door.swift */ = {isa = PBXFileReference; lastKnownFileType = sourcecode.swift; path = Door.swift; sourceTree = "<group>"; };
		9DB738B52B6D531000B8E4ED /* AppMenuView.swift */ = {isa = PBXFileReference; lastKnownFileType = sourcecode.swift; path = AppMenuView.swift; sourceTree = "<group>"; };
		9DB738B72B6D540A00B8E4ED /* AppMenuViewModel.swift */ = {isa = PBXFileReference; lastKnownFileType = sourcecode.swift; path = AppMenuViewModel.swift; sourceTree = "<group>"; };
		9DB738BA2B6D74C800B8E4ED /* DataSource.swift */ = {isa = PBXFileReference; lastKnownFileType = sourcecode.swift; path = DataSource.swift; sourceTree = "<group>"; };
/* End PBXFileReference section */

/* Begin PBXFrameworksBuildPhase section */
		9DB7388D2B6D4D0D00B8E4ED /* Frameworks */ = {
			isa = PBXFrameworksBuildPhase;
			buildActionMask = 2147483647;
			files = (
			);
			runOnlyForDeploymentPostprocessing = 0;
		};
/* End PBXFrameworksBuildPhase section */

/* Begin PBXGroup section */
		9DB738872B6D4D0D00B8E4ED = {
			isa = PBXGroup;
			children = (
				9DB738922B6D4D0D00B8E4ED /* House */,
				9DB738912B6D4D0D00B8E4ED /* Products */,
			);
			sourceTree = "<group>";
		};
		9DB738912B6D4D0D00B8E4ED /* Products */ = {
			isa = PBXGroup;
			children = (
				9DB738902B6D4D0D00B8E4ED /* House.app */,
			);
			name = Products;
			sourceTree = "<group>";
		};
		9DB738922B6D4D0D00B8E4ED /* House */ = {
			isa = PBXGroup;
			children = (
				9DB738B92B6D749800B8E4ED /* Utilities */,
				9DB738A22B6D4DCA00B8E4ED /* Models */,
				9DB738A32B6D4DDD00B8E4ED /* Views */,
				9DB738A42B6D4DF100B8E4ED /* ViewModels */,
				9DB738932B6D4D0D00B8E4ED /* HouseApp.swift */,
				9DB738972B6D4D0F00B8E4ED /* Assets.xcassets */,
				9DB7389C2B6D4D0F00B8E4ED /* House.entitlements */,
				9DB738992B6D4D0F00B8E4ED /* Preview Content */,
			);
			path = House;
			sourceTree = "<group>";
		};
		9DB738992B6D4D0F00B8E4ED /* Preview Content */ = {
			isa = PBXGroup;
			children = (
				9DB7389A2B6D4D0F00B8E4ED /* Preview Assets.xcassets */,
			);
			path = "Preview Content";
			sourceTree = "<group>";
		};
		9DB738A22B6D4DCA00B8E4ED /* Models */ = {
			isa = PBXGroup;
			children = (
				9DB738B32B6D529C00B8E4ED /* Door.swift */,
			);
			path = Models;
			sourceTree = "<group>";
		};
		9DB738A32B6D4DDD00B8E4ED /* Views */ = {
			isa = PBXGroup;
			children = (
				9DB738A92B6D4E4000B8E4ED /* FormView.swift */,
				9DB738AB2B6D4E5A00B8E4ED /* PreferencesView.swift */,
				9DB738B52B6D531000B8E4ED /* AppMenuView.swift */,
			);
			path = Views;
			sourceTree = "<group>";
		};
		9DB738A42B6D4DF100B8E4ED /* ViewModels */ = {
			isa = PBXGroup;
			children = (
				9DB738AF2B6D4E7E00B8E4ED /* FormViewModel.swift */,
				9DB738B72B6D540A00B8E4ED /* AppMenuViewModel.swift */,
			);
			path = ViewModels;
			sourceTree = "<group>";
		};
		9DB738B92B6D749800B8E4ED /* Utilities */ = {
			isa = PBXGroup;
			children = (
				9DB738BA2B6D74C800B8E4ED /* DataSource.swift */,
			);
			path = Utilities;
			sourceTree = "<group>";
		};
/* End PBXGroup section */

/* Begin PBXNativeTarget section */
		9DB7388F2B6D4D0D00B8E4ED /* House */ = {
			isa = PBXNativeTarget;
			buildConfigurationList = 9DB7389F2B6D4D0F00B8E4ED /* Build configuration list for PBXNativeTarget "House" */;
			buildPhases = (
				9DB7388C2B6D4D0D00B8E4ED /* Sources */,
				9DB7388D2B6D4D0D00B8E4ED /* Frameworks */,
				9DB7388E2B6D4D0D00B8E4ED /* Resources */,
			);
			buildRules = (
			);
			dependencies = (
			);
			name = House;
			productName = House;
			productReference = 9DB738902B6D4D0D00B8E4ED /* House.app */;
			productType = "com.apple.product-type.application";
		};
/* End PBXNativeTarget section */

/* Begin PBXProject section */
		9DB738882B6D4D0D00B8E4ED /* Project object */ = {
			isa = PBXProject;
			attributes = {
				BuildIndependentTargetsInParallel = 1;
				LastSwiftUpdateCheck = 1520;
				LastUpgradeCheck = 1520;
				TargetAttributes = {
					9DB7388F2B6D4D0D00B8E4ED = {
						CreatedOnToolsVersion = 15.2;
					};
				};
			};
			buildConfigurationList = 9DB7388B2B6D4D0D00B8E4ED /* Build configuration list for PBXProject "House" */;
			compatibilityVersion = "Xcode 14.0";
			developmentRegion = en;
			hasScannedForEncodings = 0;
			knownRegions = (
				en,
				Base,
			);
			mainGroup = 9DB738872B6D4D0D00B8E4ED;
			productRefGroup = 9DB738912B6D4D0D00B8E4ED /* Products */;
			projectDirPath = "";
			projectRoot = "";
			targets = (
				9DB7388F2B6D4D0D00B8E4ED /* House */,
			);
		};
/* End PBXProject section */

/* Begin PBXResourcesBuildPhase section */
		9DB7388E2B6D4D0D00B8E4ED /* Resources */ = {
			isa = PBXResourcesBuildPhase;
			buildActionMask = 2147483647;
			files = (
				9DB7389B2B6D4D0F00B8E4ED /* Preview Assets.xcassets in Resources */,
				9DB738982B6D4D0F00B8E4ED /* Assets.xcassets in Resources */,
			);
			runOnlyForDeploymentPostprocessing = 0;
		};
/* End PBXResourcesBuildPhase section */

/* Begin PBXSourcesBuildPhase section */
		9DB7388C2B6D4D0D00B8E4ED /* Sources */ = {
			isa = PBXSourcesBuildPhase;
			buildActionMask = 2147483647;
			files = (
				9DB738AC2B6D4E5A00B8E4ED /* PreferencesView.swift in Sources */,
				9DB738B42B6D529C00B8E4ED /* Door.swift in Sources */,
				9DB738B82B6D540A00B8E4ED /* AppMenuViewModel.swift in Sources */,
				9DB738AA2B6D4E4000B8E4ED /* FormView.swift in Sources */,
				9DB738B62B6D531000B8E4ED /* AppMenuView.swift in Sources */,
				9DB738942B6D4D0D00B8E4ED /* HouseApp.swift in Sources */,
				9DB738BB2B6D74C800B8E4ED /* DataSource.swift in Sources */,
				9DB738B02B6D4E7E00B8E4ED /* FormViewModel.swift in Sources */,
			);
			runOnlyForDeploymentPostprocessing = 0;
		};
/* End PBXSourcesBuildPhase section */

/* Begin XCBuildConfiguration section */
		9DB7389D2B6D4D0F00B8E4ED /* Debug */ = {
			isa = XCBuildConfiguration;
			buildSettings = {
				ALWAYS_SEARCH_USER_PATHS = NO;
				ASSETCATALOG_COMPILER_GENERATE_SWIFT_ASSET_SYMBOL_EXTENSIONS = YES;
				CLANG_ANALYZER_NONNULL = YES;
				CLANG_ANALYZER_NUMBER_OBJECT_CONVERSION = YES_AGGRESSIVE;
				CLANG_CXX_LANGUAGE_STANDARD = "gnu++20";
				CLANG_ENABLE_MODULES = YES;
				CLANG_ENABLE_OBJC_ARC = YES;
				CLANG_ENABLE_OBJC_WEAK = YES;
				CLANG_WARN_BLOCK_CAPTURE_AUTORELEASING = YES;
				CLANG_WARN_BOOL_CONVERSION = YES;
				CLANG_WARN_COMMA = YES;
				CLANG_WARN_CONSTANT_CONVERSION = YES;
				CLANG_WARN_DEPRECATED_OBJC_IMPLEMENTATIONS = YES;
				CLANG_WARN_DIRECT_OBJC_ISA_USAGE = YES_ERROR;
				CLANG_WARN_DOCUMENTATION_COMMENTS = YES;
				CLANG_WARN_EMPTY_BODY = YES;
				CLANG_WARN_ENUM_CONVERSION = YES;
				CLANG_WARN_INFINITE_RECURSION = YES;
				CLANG_WARN_INT_CONVERSION = YES;
				CLANG_WARN_NON_LITERAL_NULL_CONVERSION = YES;
				CLANG_WARN_OBJC_IMPLICIT_RETAIN_SELF = YES;
				CLANG_WARN_OBJC_LITERAL_CONVERSION = YES;
				CLANG_WARN_OBJC_ROOT_CLASS = YES_ERROR;
				CLANG_WARN_QUOTED_INCLUDE_IN_FRAMEWORK_HEADER = YES;
				CLANG_WARN_RANGE_LOOP_ANALYSIS = YES;
				CLANG_WARN_STRICT_PROTOTYPES = YES;
				CLANG_WARN_SUSPICIOUS_MOVE = YES;
				CLANG_WARN_UNGUARDED_AVAILABILITY = YES_AGGRESSIVE;
				CLANG_WARN_UNREACHABLE_CODE = YES;
				CLANG_WARN__DUPLICATE_METHOD_MATCH = YES;
				COPY_PHASE_STRIP = NO;
				DEBUG_INFORMATION_FORMAT = dwarf;
				ENABLE_STRICT_OBJC_MSGSEND = YES;
				ENABLE_TESTABILITY = YES;
				ENABLE_USER_SCRIPT_SANDBOXING = YES;
				GCC_C_LANGUAGE_STANDARD = gnu17;
				GCC_DYNAMIC_NO_PIC = NO;
				GCC_NO_COMMON_BLOCKS = YES;
				GCC_OPTIMIZATION_LEVEL = 0;
				GCC_PREPROCESSOR_DEFINITIONS = (
					"DEBUG=1",
					"$(inherited)",
				);
				GCC_WARN_64_TO_32_BIT_CONVERSION = YES;
				GCC_WARN_ABOUT_RETURN_TYPE = YES_ERROR;
				GCC_WARN_UNDECLARED_SELECTOR = YES;
				GCC_WARN_UNINITIALIZED_AUTOS = YES_AGGRESSIVE;
				GCC_WARN_UNUSED_FUNCTION = YES;
				GCC_WARN_UNUSED_VARIABLE = YES;
				LOCALIZATION_PREFERS_STRING_CATALOGS = YES;
				MACOSX_DEPLOYMENT_TARGET = 14.2;
				MTL_ENABLE_DEBUG_INFO = INCLUDE_SOURCE;
				MTL_FAST_MATH = YES;
				ONLY_ACTIVE_ARCH = YES;
				SDKROOT = macosx;
				SWIFT_ACTIVE_COMPILATION_CONDITIONS = "DEBUG $(inherited)";
				SWIFT_OPTIMIZATION_LEVEL = "-Onone";
			};
			name = Debug;
		};
		9DB7389E2B6D4D0F00B8E4ED /* Release */ = {
			isa = XCBuildConfiguration;
			buildSettings = {
				ALWAYS_SEARCH_USER_PATHS = NO;
				ASSETCATALOG_COMPILER_GENERATE_SWIFT_ASSET_SYMBOL_EXTENSIONS = YES;
				CLANG_ANALYZER_NONNULL = YES;
				CLANG_ANALYZER_NUMBER_OBJECT_CONVERSION = YES_AGGRESSIVE;
				CLANG_CXX_LANGUAGE_STANDARD = "gnu++20";
				CLANG_ENABLE_MODULES = YES;
				CLANG_ENABLE_OBJC_ARC = YES;
				CLANG_ENABLE_OBJC_WEAK = YES;
				CLANG_WARN_BLOCK_CAPTURE_AUTORELEASING = YES;
				CLANG_WARN_BOOL_CONVERSION = YES;
				CLANG_WARN_COMMA = YES;
				CLANG_WARN_CONSTANT_CONVERSION = YES;
				CLANG_WARN_DEPRECATED_OBJC_IMPLEMENTATIONS = YES;
				CLANG_WARN_DIRECT_OBJC_ISA_USAGE = YES_ERROR;
				CLANG_WARN_DOCUMENTATION_COMMENTS = YES;
				CLANG_WARN_EMPTY_BODY = YES;
				CLANG_WARN_ENUM_CONVERSION = YES;
				CLANG_WARN_INFINITE_RECURSION = YES;
				CLANG_WARN_INT_CONVERSION = YES;
				CLANG_WARN_NON_LITERAL_NULL_CONVERSION = YES;
				CLANG_WARN_OBJC_IMPLICIT_RETAIN_SELF = YES;
				CLANG_WARN_OBJC_LITERAL_CONVERSION = YES;
				CLANG_WARN_OBJC_ROOT_CLASS = YES_ERROR;
				CLANG_WARN_QUOTED_INCLUDE_IN_FRAMEWORK_HEADER = YES;
				CLANG_WARN_RANGE_LOOP_ANALYSIS = YES;
				CLANG_WARN_STRICT_PROTOTYPES = YES;
				CLANG_WARN_SUSPICIOUS_MOVE = YES;
				CLANG_WARN_UNGUARDED_AVAILABILITY = YES_AGGRESSIVE;
				CLANG_WARN_UNREACHABLE_CODE = YES;
				CLANG_WARN__DUPLICATE_METHOD_MATCH = YES;
				COPY_PHASE_STRIP = NO;
				DEBUG_INFORMATION_FORMAT = "dwarf-with-dsym";
				ENABLE_NS_ASSERTIONS = NO;
				ENABLE_STRICT_OBJC_MSGSEND = YES;
				ENABLE_USER_SCRIPT_SANDBOXING = YES;
				GCC_C_LANGUAGE_STANDARD = gnu17;
				GCC_NO_COMMON_BLOCKS = YES;
				GCC_WARN_64_TO_32_BIT_CONVERSION = YES;
				GCC_WARN_ABOUT_RETURN_TYPE = YES_ERROR;
				GCC_WARN_UNDECLARED_SELECTOR = YES;
				GCC_WARN_UNINITIALIZED_AUTOS = YES_AGGRESSIVE;
				GCC_WARN_UNUSED_FUNCTION = YES;
				GCC_WARN_UNUSED_VARIABLE = YES;
				LOCALIZATION_PREFERS_STRING_CATALOGS = YES;
				MACOSX_DEPLOYMENT_TARGET = 14.2;
				MTL_ENABLE_DEBUG_INFO = NO;
				MTL_FAST_MATH = YES;
				SDKROOT = macosx;
				SWIFT_COMPILATION_MODE = wholemodule;
			};
			name = Release;
		};
		9DB738A02B6D4D0F00B8E4ED /* Debug */ = {
			isa = XCBuildConfiguration;
			buildSettings = {
				ASSETCATALOG_COMPILER_APPICON_NAME = AppIcon;
				ASSETCATALOG_COMPILER_GLOBAL_ACCENT_COLOR_NAME = AccentColor;
				CODE_SIGN_ENTITLEMENTS = House/House.entitlements;
				CODE_SIGN_STYLE = Automatic;
				COMBINE_HIDPI_IMAGES = YES;
				CURRENT_PROJECT_VERSION = 1;
				DEVELOPMENT_ASSET_PATHS = "\"House/Preview Content\"";
				DEVELOPMENT_TEAM = Y2V2K5QQ7L;
				ENABLE_HARDENED_RUNTIME = YES;
				ENABLE_PREVIEWS = YES;
				GENERATE_INFOPLIST_FILE = YES;
				INFOPLIST_KEY_LSApplicationCategoryType = "public.app-category.utilities";
				INFOPLIST_KEY_LSUIElement = YES;
				INFOPLIST_KEY_NSHumanReadableCopyright = "";
				LD_RUNPATH_SEARCH_PATHS = (
					"$(inherited)",
					"@executable_path/../Frameworks",
				);
				MACOSX_DEPLOYMENT_TARGET = 14.0;
				MARKETING_VERSION = 1.0;
				PRODUCT_BUNDLE_IDENTIFIER = com.vuinishiusu.House;
				PRODUCT_NAME = "$(TARGET_NAME)";
				SWIFT_EMIT_LOC_STRINGS = YES;
				SWIFT_VERSION = 5.0;
			};
			name = Debug;
		};
		9DB738A12B6D4D0F00B8E4ED /* Release */ = {
			isa = XCBuildConfiguration;
			buildSettings = {
				ASSETCATALOG_COMPILER_APPICON_NAME = AppIcon;
				ASSETCATALOG_COMPILER_GLOBAL_ACCENT_COLOR_NAME = AccentColor;
				CODE_SIGN_ENTITLEMENTS = House/House.entitlements;
				CODE_SIGN_STYLE = Automatic;
				COMBINE_HIDPI_IMAGES = YES;
				CURRENT_PROJECT_VERSION = 1;
				DEVELOPMENT_ASSET_PATHS = "\"House/Preview Content\"";
				DEVELOPMENT_TEAM = Y2V2K5QQ7L;
				ENABLE_HARDENED_RUNTIME = YES;
				ENABLE_PREVIEWS = YES;
				GENERATE_INFOPLIST_FILE = YES;
				INFOPLIST_KEY_LSApplicationCategoryType = "public.app-category.utilities";
				INFOPLIST_KEY_LSUIElement = YES;
				INFOPLIST_KEY_NSHumanReadableCopyright = "";
				LD_RUNPATH_SEARCH_PATHS = (
					"$(inherited)",
					"@executable_path/../Frameworks",
				);
				MACOSX_DEPLOYMENT_TARGET = 14.0;
				MARKETING_VERSION = 1.0;
				PRODUCT_BUNDLE_IDENTIFIER = com.vuinishiusu.House;
				PRODUCT_NAME = "$(TARGET_NAME)";
				SWIFT_EMIT_LOC_STRINGS = YES;
				SWIFT_VERSION = 5.0;
			};
			name = Release;
		};
/* End XCBuildConfiguration section */

/* Begin XCConfigurationList section */
		9DB7388B2B6D4D0D00B8E4ED /* Build configuration list for PBXProject "House" */ = {
			isa = XCConfigurationList;
			buildConfigurations = (
				9DB7389D2B6D4D0F00B8E4ED /* Debug */,
				9DB7389E2B6D4D0F00B8E4ED /* Release */,
			);
			defaultConfigurationIsVisible = 0;
			defaultConfigurationName = Release;
		};
		9DB7389F2B6D4D0F00B8E4ED /* Build configuration list for PBXNativeTarget "House" */ = {
			isa = XCConfigurationList;
			buildConfigurations = (
				9DB738A02B6D4D0F00B8E4ED /* Debug */,
				9DB738A12B6D4D0F00B8E4ED /* Release */,
			);
			defaultConfigurationIsVisible = 0;
			defaultConfigurationName = Release;
		};
/* End XCConfigurationList section */
	};
	rootObject = 9DB738882B6D4D0D00B8E4ED /* Project object */;
}
